{
  "object": {
    "pins": [
      {
        "package": "AEXML",
        "repositoryURL": "https://github.com/shinjukunian/AEXML.git",
        "state": {
          "branch": "master",
          "revision": "58d395eaebc1fc43c8831fd23d887dc1a53f2d61",
          "version": null
        }
      }
    ]
  },
  "version": 1
}
