{
  "object": {
    "pins": [
      {
        "package": "AEXML",
        "repositoryURL": "https://github.com/shinjukunian/AEXML.git",
        "state": {
          "branch": "master",
          "revision": "5ce38c72cb10c013145a72137ed8e98ca7e7127f",
          "version": null
        }
      },
      {
        "package": "ZipArchive",
        "repositoryURL": "https://github.com/victor-pavlychko/ZipArchive.git",
        "state": {
          "branch": "master",
          "revision": "a025c677a8359c888736c195a0bb6b2ad414c31f",
          "version": null
        }
      }
    ]
  },
  "version": 1
}
