{
  "object": {
    "pins": [
      {
        "package": "AEXML",
        "repositoryURL": "https://github.com/shinjukunian/AEXML.git",
        "state": {
          "branch": "master",
          "revision": "5ce38c72cb10c013145a72137ed8e98ca7e7127f",
          "version": null
        }
      },
      {
        "package": "ZipArchive",
        "repositoryURL": "https://github.com/ZipArchive/ZipArchive.git",
        "state": {
          "branch": null,
          "revision": "23dc1a69b240420528de86a8720e85fb178b24da",
          "version": "2.4.1"
        }
      }
    ]
  },
  "version": 1
}
