// !$*UTF8*$!
{
	archiveVersion = 1;
	classes = {
	};
	objectVersion = 50;
	objects = {

/* Begin PBXBuildFile section */
		5A9F70AA223502D6008E967C /* DocX.framework in Frameworks */ = {isa = PBXBuildFile; fileRef = 5A9F70A0223502D6008E967C /* DocX.framework */; };
		5A9F70AF223502D6008E967C /* DocXTests.swift in Sources */ = {isa = PBXBuildFile; fileRef = 5A9F70AE223502D6008E967C /* DocXTests.swift */; };
		5A9F70B1223502D6008E967C /* DocX.h in Headers */ = {isa = PBXBuildFile; fileRef = 5A9F70A3223502D6008E967C /* DocX.h */; settings = {ATTRIBUTES = (Public, ); }; };
		5A9F70C122350300008E967C /* DocXWriting.swift in Sources */ = {isa = PBXBuildFile; fileRef = 5A9F70BB22350300008E967C /* DocXWriting.swift */; };
		5A9F70C222350300008E967C /* DocX.swift in Sources */ = {isa = PBXBuildFile; fileRef = 5A9F70BC22350300008E967C /* DocX.swift */; };
		5A9F70C522350300008E967C /* DocumentRoot.swift in Sources */ = {isa = PBXBuildFile; fileRef = 5A9F70BF22350300008E967C /* DocumentRoot.swift */; };
		5A9F70C72235031B008E967C /* blank.docx in Resources */ = {isa = PBXBuildFile; fileRef = 5A9F70C62235031B008E967C /* blank.docx */; };
		5A9F70DA2235045A008E967C /* ZipArchive.framework in Frameworks */ = {isa = PBXBuildFile; fileRef = 5A9F70D22235044A008E967C /* ZipArchive.framework */; };
		5A9F70F722350D12008E967C /* ParagraphElement.swift in Sources */ = {isa = PBXBuildFile; fileRef = 5A9F70F622350D12008E967C /* ParagraphElement.swift */; };
		5A9F70F922350DDE008E967C /* AttributeElements.swift in Sources */ = {isa = PBXBuildFile; fileRef = 5A9F70F822350DDE008E967C /* AttributeElements.swift */; };
		5A9F70FB22354F1C008E967C /* RubyAnnotationElement.swift in Sources */ = {isa = PBXBuildFile; fileRef = 5A9F70FA22354F1C008E967C /* RubyAnnotationElement.swift */; };
		5A9F711D223607A8008E967C /* NSAttributedString+Extensions.swift in Sources */ = {isa = PBXBuildFile; fileRef = 5A9F711C223607A8008E967C /* NSAttributedString+Extensions.swift */; };
		5A9F713B22361FCE008E967C /* Options.swift in Sources */ = {isa = PBXBuildFile; fileRef = 5A9F713622361FCE008E967C /* Options.swift */; };
		5A9F713C22361FCE008E967C /* Parser.swift in Sources */ = {isa = PBXBuildFile; fileRef = 5A9F713722361FCE008E967C /* Parser.swift */; };
		5A9F713D22361FCE008E967C /* Element.swift in Sources */ = {isa = PBXBuildFile; fileRef = 5A9F713822361FCE008E967C /* Element.swift */; };
		5A9F713E22361FCE008E967C /* Document.swift in Sources */ = {isa = PBXBuildFile; fileRef = 5A9F713922361FCE008E967C /* Document.swift */; };
		5A9F713F22361FCE008E967C /* Error.swift in Sources */ = {isa = PBXBuildFile; fileRef = 5A9F713A22361FCE008E967C /* Error.swift */; };
		5AE833CE2236831500E68343 /* DocX.h in Headers */ = {isa = PBXBuildFile; fileRef = 5A9F70A3223502D6008E967C /* DocX.h */; settings = {ATTRIBUTES = (Public, ); }; };
		5AE833D02236831500E68343 /* DocumentRoot.swift in Sources */ = {isa = PBXBuildFile; fileRef = 5A9F70BF22350300008E967C /* DocumentRoot.swift */; };
		5AE833D12236831500E68343 /* NSAttributedString+Extensions.swift in Sources */ = {isa = PBXBuildFile; fileRef = 5A9F711C223607A8008E967C /* NSAttributedString+Extensions.swift */; };
		5AE833D22236831500E68343 /* Parser.swift in Sources */ = {isa = PBXBuildFile; fileRef = 5A9F713722361FCE008E967C /* Parser.swift */; };
		5AE833D32236831500E68343 /* Error.swift in Sources */ = {isa = PBXBuildFile; fileRef = 5A9F713A22361FCE008E967C /* Error.swift */; };
		5AE833D42236831500E68343 /* DocXWriting.swift in Sources */ = {isa = PBXBuildFile; fileRef = 5A9F70BB22350300008E967C /* DocXWriting.swift */; };
		5AE833D52236831500E68343 /* AttributeElements.swift in Sources */ = {isa = PBXBuildFile; fileRef = 5A9F70F822350DDE008E967C /* AttributeElements.swift */; };
		5AE833D62236831500E68343 /* Options.swift in Sources */ = {isa = PBXBuildFile; fileRef = 5A9F713622361FCE008E967C /* Options.swift */; };
		5AE833D72236831500E68343 /* Element.swift in Sources */ = {isa = PBXBuildFile; fileRef = 5A9F713822361FCE008E967C /* Element.swift */; };
		5AE833D92236831500E68343 /* Document.swift in Sources */ = {isa = PBXBuildFile; fileRef = 5A9F713922361FCE008E967C /* Document.swift */; };
		5AE833DA2236831500E68343 /* RubyAnnotationElement.swift in Sources */ = {isa = PBXBuildFile; fileRef = 5A9F70FA22354F1C008E967C /* RubyAnnotationElement.swift */; };
		5AE833DB2236831500E68343 /* DocX.swift in Sources */ = {isa = PBXBuildFile; fileRef = 5A9F70BC22350300008E967C /* DocX.swift */; };
		5AE833DC2236831500E68343 /* ParagraphElement.swift in Sources */ = {isa = PBXBuildFile; fileRef = 5A9F70F622350D12008E967C /* ParagraphElement.swift */; };
		5AE833EA2236838000E68343 /* ZipArchive.framework in Frameworks */ = {isa = PBXBuildFile; fileRef = 5A9F70D02235044A008E967C /* ZipArchive.framework */; };
		5AE833EC223683F000E68343 /* NSAttributedString+DocX-iOS.swift in Sources */ = {isa = PBXBuildFile; fileRef = 5AE833EB223683F000E68343 /* NSAttributedString+DocX-iOS.swift */; };
		5AE833ED2236842D00E68343 /* NSAttributedString+DocX.swift in Sources */ = {isa = PBXBuildFile; fileRef = 5A9F70BE22350300008E967C /* NSAttributedString+DocX.swift */; };
		5AE833EF2236852500E68343 /* PlatformSpecific-iOS.swift in Sources */ = {isa = PBXBuildFile; fileRef = 5AE833EE2236852500E68343 /* PlatformSpecific-iOS.swift */; };
		5AE833F12236861F00E68343 /* PlatformSpecific-macOS.swift in Sources */ = {isa = PBXBuildFile; fileRef = 5AE833F02236861F00E68343 /* PlatformSpecific-macOS.swift */; };
		5AE833F3223688A400E68343 /* blank in Resources */ = {isa = PBXBuildFile; fileRef = 5AE833F2223688A400E68343 /* blank */; };
		5AE8340422368ADC00E68343 /* DocX_iOS_Tests.swift in Sources */ = {isa = PBXBuildFile; fileRef = 5AE833FA22368A4500E68343 /* DocX_iOS_Tests.swift */; };
		5AE834052236904E00E68343 /* DocX.framework in Frameworks */ = {isa = PBXBuildFile; fileRef = 5AE833E32236831500E68343 /* DocX.framework */; };
		5AE8340C22373A5200E68343 /* NSParagraphStyle+Elements.swift in Sources */ = {isa = PBXBuildFile; fileRef = 5AE8340B22373A5200E68343 /* NSParagraphStyle+Elements.swift */; };
		5AE8340D22373A5200E68343 /* NSParagraphStyle+Elements.swift in Sources */ = {isa = PBXBuildFile; fileRef = 5AE8340B22373A5200E68343 /* NSParagraphStyle+Elements.swift */; };
		5AE834122237573F00E68343 /* FontElements.swift in Sources */ = {isa = PBXBuildFile; fileRef = 5AE834112237573F00E68343 /* FontElements.swift */; };
		5AE834132237573F00E68343 /* FontElements.swift in Sources */ = {isa = PBXBuildFile; fileRef = 5AE834112237573F00E68343 /* FontElements.swift */; };
		5AE8341B22375D9E00E68343 /* NSUnderlineStyle+Elements.swift in Sources */ = {isa = PBXBuildFile; fileRef = 5AE8341A22375D9E00E68343 /* NSUnderlineStyle+Elements.swift */; };
		5AE8342722377A5B00E68343 /* NSUnderlineStyle+Elements.swift in Sources */ = {isa = PBXBuildFile; fileRef = 5AE8341A22375D9E00E68343 /* NSUnderlineStyle+Elements.swift */; };
/* End PBXBuildFile section */

/* Begin PBXContainerItemProxy section */
		5A9F70AB223502D6008E967C /* PBXContainerItemProxy */ = {
			isa = PBXContainerItemProxy;
			containerPortal = 5A9F7097223502D6008E967C /* Project object */;
			proxyType = 1;
			remoteGlobalIDString = 5A9F709F223502D6008E967C;
			remoteInfo = DocX;
		};
		5A9F70CF2235044A008E967C /* PBXContainerItemProxy */ = {
			isa = PBXContainerItemProxy;
			containerPortal = 5A9F70C82235044A008E967C /* ZipArchive.xcodeproj */;
			proxyType = 2;
			remoteGlobalIDString = B423AE1A1C0DF76A0004A2F1;
			remoteInfo = "ZipArchive-iOS";
		};
		5A9F70D12235044A008E967C /* PBXContainerItemProxy */ = {
			isa = PBXContainerItemProxy;
			containerPortal = 5A9F70C82235044A008E967C /* ZipArchive.xcodeproj */;
			proxyType = 2;
			remoteGlobalIDString = AFF75A241C37279600F450AC;
			remoteInfo = "ZipArchive-Mac";
		};
		5A9F70D32235044A008E967C /* PBXContainerItemProxy */ = {
			isa = PBXContainerItemProxy;
			containerPortal = 5A9F70C82235044A008E967C /* ZipArchive.xcodeproj */;
			proxyType = 2;
			remoteGlobalIDString = 37952C261F63B50D00DD6677;
			remoteInfo = "ZipArchive-tvos";
		};
		5A9F70D52235044A008E967C /* PBXContainerItemProxy */ = {
			isa = PBXContainerItemProxy;
			containerPortal = 5A9F70C82235044A008E967C /* ZipArchive.xcodeproj */;
			proxyType = 2;
			remoteGlobalIDString = 37952C5E1F63BB7100DD6677;
			remoteInfo = "ZipArchive-watchos";
		};
		5A9F70D722350453008E967C /* PBXContainerItemProxy */ = {
			isa = PBXContainerItemProxy;
			containerPortal = 5A9F70C82235044A008E967C /* ZipArchive.xcodeproj */;
			proxyType = 1;
			remoteGlobalIDString = AFF75A231C37279600F450AC;
			remoteInfo = "ZipArchive-Mac";
		};
		5AE833E82236837900E68343 /* PBXContainerItemProxy */ = {
			isa = PBXContainerItemProxy;
			containerPortal = 5A9F70C82235044A008E967C /* ZipArchive.xcodeproj */;
			proxyType = 1;
			remoteGlobalIDString = B423AE191C0DF76A0004A2F1;
			remoteInfo = "ZipArchive-iOS";
		};
		5AE833FE22368A4500E68343 /* PBXContainerItemProxy */ = {
			isa = PBXContainerItemProxy;
			containerPortal = 5A9F7097223502D6008E967C /* Project object */;
			proxyType = 1;
			remoteGlobalIDString = 5AE833CA2236831500E68343;
			remoteInfo = "DocX-iOS";
		};
/* End PBXContainerItemProxy section */

/* Begin PBXFileReference section */
		5A9F70A0223502D6008E967C /* DocX.framework */ = {isa = PBXFileReference; explicitFileType = wrapper.framework; includeInIndex = 0; path = DocX.framework; sourceTree = BUILT_PRODUCTS_DIR; };
		5A9F70A3223502D6008E967C /* DocX.h */ = {isa = PBXFileReference; lastKnownFileType = sourcecode.c.h; path = DocX.h; sourceTree = "<group>"; };
		5A9F70A4223502D6008E967C /* Info.plist */ = {isa = PBXFileReference; lastKnownFileType = text.plist.xml; path = Info.plist; sourceTree = "<group>"; };
		5A9F70A9223502D6008E967C /* DocXTests.xctest */ = {isa = PBXFileReference; explicitFileType = wrapper.cfbundle; includeInIndex = 0; path = DocXTests.xctest; sourceTree = BUILT_PRODUCTS_DIR; };
		5A9F70AE223502D6008E967C /* DocXTests.swift */ = {isa = PBXFileReference; lastKnownFileType = sourcecode.swift; path = DocXTests.swift; sourceTree = "<group>"; };
		5A9F70B0223502D6008E967C /* Info.plist */ = {isa = PBXFileReference; lastKnownFileType = text.plist.xml; path = Info.plist; sourceTree = "<group>"; };
		5A9F70BB22350300008E967C /* DocXWriting.swift */ = {isa = PBXFileReference; fileEncoding = 4; lastKnownFileType = sourcecode.swift; path = DocXWriting.swift; sourceTree = "<group>"; };
		5A9F70BC22350300008E967C /* DocX.swift */ = {isa = PBXFileReference; fileEncoding = 4; lastKnownFileType = sourcecode.swift; path = DocX.swift; sourceTree = "<group>"; };
		5A9F70BE22350300008E967C /* NSAttributedString+DocX.swift */ = {isa = PBXFileReference; fileEncoding = 4; lastKnownFileType = sourcecode.swift; path = "NSAttributedString+DocX.swift"; sourceTree = "<group>"; };
		5A9F70BF22350300008E967C /* DocumentRoot.swift */ = {isa = PBXFileReference; fileEncoding = 4; lastKnownFileType = sourcecode.swift; path = DocumentRoot.swift; sourceTree = "<group>"; };
		5A9F70C62235031B008E967C /* blank.docx */ = {isa = PBXFileReference; lastKnownFileType = file; path = blank.docx; sourceTree = "<group>"; };
		5A9F70C82235044A008E967C /* ZipArchive.xcodeproj */ = {isa = PBXFileReference; lastKnownFileType = "wrapper.pb-project"; name = ZipArchive.xcodeproj; path = ZipArchive/ZipArchive.xcodeproj; sourceTree = "<group>"; };
		5A9F70F622350D12008E967C /* ParagraphElement.swift */ = {isa = PBXFileReference; lastKnownFileType = sourcecode.swift; path = ParagraphElement.swift; sourceTree = "<group>"; };
		5A9F70F822350DDE008E967C /* AttributeElements.swift */ = {isa = PBXFileReference; lastKnownFileType = sourcecode.swift; path = AttributeElements.swift; sourceTree = "<group>"; };
		5A9F70FA22354F1C008E967C /* RubyAnnotationElement.swift */ = {isa = PBXFileReference; lastKnownFileType = sourcecode.swift; path = RubyAnnotationElement.swift; sourceTree = "<group>"; };
		5A9F711C223607A8008E967C /* NSAttributedString+Extensions.swift */ = {isa = PBXFileReference; lastKnownFileType = sourcecode.swift; path = "NSAttributedString+Extensions.swift"; sourceTree = "<group>"; };
		5A9F713622361FCE008E967C /* Options.swift */ = {isa = PBXFileReference; fileEncoding = 4; lastKnownFileType = sourcecode.swift; name = Options.swift; path = AEXML/Sources/AEXML/Options.swift; sourceTree = SOURCE_ROOT; };
		5A9F713722361FCE008E967C /* Parser.swift */ = {isa = PBXFileReference; fileEncoding = 4; lastKnownFileType = sourcecode.swift; name = Parser.swift; path = AEXML/Sources/AEXML/Parser.swift; sourceTree = SOURCE_ROOT; };
		5A9F713822361FCE008E967C /* Element.swift */ = {isa = PBXFileReference; fileEncoding = 4; lastKnownFileType = sourcecode.swift; name = Element.swift; path = AEXML/Sources/AEXML/Element.swift; sourceTree = SOURCE_ROOT; };
		5A9F713922361FCE008E967C /* Document.swift */ = {isa = PBXFileReference; fileEncoding = 4; lastKnownFileType = sourcecode.swift; name = Document.swift; path = AEXML/Sources/AEXML/Document.swift; sourceTree = SOURCE_ROOT; };
		5A9F713A22361FCE008E967C /* Error.swift */ = {isa = PBXFileReference; fileEncoding = 4; lastKnownFileType = sourcecode.swift; name = Error.swift; path = AEXML/Sources/AEXML/Error.swift; sourceTree = SOURCE_ROOT; };
		5AE833E32236831500E68343 /* DocX.framework */ = {isa = PBXFileReference; explicitFileType = wrapper.framework; includeInIndex = 0; path = DocX.framework; sourceTree = BUILT_PRODUCTS_DIR; };
		5AE833EB223683F000E68343 /* NSAttributedString+DocX-iOS.swift */ = {isa = PBXFileReference; lastKnownFileType = sourcecode.swift; path = "NSAttributedString+DocX-iOS.swift"; sourceTree = "<group>"; };
		5AE833EE2236852500E68343 /* PlatformSpecific-iOS.swift */ = {isa = PBXFileReference; lastKnownFileType = sourcecode.swift; path = "PlatformSpecific-iOS.swift"; sourceTree = "<group>"; };
		5AE833F02236861F00E68343 /* PlatformSpecific-macOS.swift */ = {isa = PBXFileReference; lastKnownFileType = sourcecode.swift; path = "PlatformSpecific-macOS.swift"; sourceTree = "<group>"; };
		5AE833F2223688A400E68343 /* blank */ = {isa = PBXFileReference; lastKnownFileType = folder; path = blank; sourceTree = "<group>"; };
		5AE833F822368A4500E68343 /* DocX-iOS-Tests.xctest */ = {isa = PBXFileReference; explicitFileType = wrapper.cfbundle; includeInIndex = 0; path = "DocX-iOS-Tests.xctest"; sourceTree = BUILT_PRODUCTS_DIR; };
		5AE833FA22368A4500E68343 /* DocX_iOS_Tests.swift */ = {isa = PBXFileReference; lastKnownFileType = sourcecode.swift; path = DocX_iOS_Tests.swift; sourceTree = "<group>"; };
		5AE833FC22368A4500E68343 /* Info.plist */ = {isa = PBXFileReference; lastKnownFileType = text.plist.xml; path = Info.plist; sourceTree = "<group>"; };
		5AE8340B22373A5200E68343 /* NSParagraphStyle+Elements.swift */ = {isa = PBXFileReference; lastKnownFileType = sourcecode.swift; path = "NSParagraphStyle+Elements.swift"; sourceTree = "<group>"; };
		5AE834112237573F00E68343 /* FontElements.swift */ = {isa = PBXFileReference; lastKnownFileType = sourcecode.swift; path = FontElements.swift; sourceTree = "<group>"; };
		5AE8341A22375D9E00E68343 /* NSUnderlineStyle+Elements.swift */ = {isa = PBXFileReference; lastKnownFileType = sourcecode.swift; path = "NSUnderlineStyle+Elements.swift"; sourceTree = "<group>"; };
/* End PBXFileReference section */

/* Begin PBXFrameworksBuildPhase section */
		5A9F709D223502D6008E967C /* Frameworks */ = {
			isa = PBXFrameworksBuildPhase;
			buildActionMask = 2147483647;
			files = (
				5A9F70DA2235045A008E967C /* ZipArchive.framework in Frameworks */,
			);
			runOnlyForDeploymentPostprocessing = 0;
		};
		5A9F70A6223502D6008E967C /* Frameworks */ = {
			isa = PBXFrameworksBuildPhase;
			buildActionMask = 2147483647;
			files = (
				5A9F70AA223502D6008E967C /* DocX.framework in Frameworks */,
			);
			runOnlyForDeploymentPostprocessing = 0;
		};
		5AE833DD2236831500E68343 /* Frameworks */ = {
			isa = PBXFrameworksBuildPhase;
			buildActionMask = 2147483647;
			files = (
				5AE833EA2236838000E68343 /* ZipArchive.framework in Frameworks */,
			);
			runOnlyForDeploymentPostprocessing = 0;
		};
		5AE833F522368A4500E68343 /* Frameworks */ = {
			isa = PBXFrameworksBuildPhase;
			buildActionMask = 2147483647;
			files = (
				5AE834052236904E00E68343 /* DocX.framework in Frameworks */,
			);
			runOnlyForDeploymentPostprocessing = 0;
		};
/* End PBXFrameworksBuildPhase section */

/* Begin PBXGroup section */
		5A9F7096223502D6008E967C = {
			isa = PBXGroup;
			children = (
				5A9F70C82235044A008E967C /* ZipArchive.xcodeproj */,
				5A9F70A2223502D6008E967C /* DocX */,
				5A9F713522361FA4008E967C /* AEXML */,
				5A9F70AD223502D6008E967C /* DocXTests */,
				5AE833F922368A4500E68343 /* DocX-iOS-Tests */,
				5A9F70A1223502D6008E967C /* Products */,
				5A9F70D92235045A008E967C /* Frameworks */,
			);
			sourceTree = "<group>";
		};
		5A9F70A1223502D6008E967C /* Products */ = {
			isa = PBXGroup;
			children = (
				5A9F70A0223502D6008E967C /* DocX.framework */,
				5A9F70A9223502D6008E967C /* DocXTests.xctest */,
				5AE833E32236831500E68343 /* DocX.framework */,
				5AE833F822368A4500E68343 /* DocX-iOS-Tests.xctest */,
			);
			name = Products;
			sourceTree = "<group>";
		};
		5A9F70A2223502D6008E967C /* DocX */ = {
			isa = PBXGroup;
			children = (
				5AE833F2223688A400E68343 /* blank */,
				5A9F70BF22350300008E967C /* DocumentRoot.swift */,
				5A9F70BC22350300008E967C /* DocX.swift */,
				5A9F70BE22350300008E967C /* NSAttributedString+DocX.swift */,
				5AE833EB223683F000E68343 /* NSAttributedString+DocX-iOS.swift */,
				5A9F70BB22350300008E967C /* DocXWriting.swift */,
				5A9F70F622350D12008E967C /* ParagraphElement.swift */,
				5A9F70FA22354F1C008E967C /* RubyAnnotationElement.swift */,
				5A9F70F822350DDE008E967C /* AttributeElements.swift */,
				5AE8341A22375D9E00E68343 /* NSUnderlineStyle+Elements.swift */,
				5AE834112237573F00E68343 /* FontElements.swift */,
				5AE833EE2236852500E68343 /* PlatformSpecific-iOS.swift */,
				5AE833F02236861F00E68343 /* PlatformSpecific-macOS.swift */,
				5A9F711C223607A8008E967C /* NSAttributedString+Extensions.swift */,
				5AE8340B22373A5200E68343 /* NSParagraphStyle+Elements.swift */,
				5A9F70A3223502D6008E967C /* DocX.h */,
				5A9F70A4223502D6008E967C /* Info.plist */,
			);
			path = DocX;
			sourceTree = "<group>";
		};
		5A9F70AD223502D6008E967C /* DocXTests */ = {
			isa = PBXGroup;
			children = (
				5A9F70C62235031B008E967C /* blank.docx */,
				5A9F70AE223502D6008E967C /* DocXTests.swift */,
				5A9F70B0223502D6008E967C /* Info.plist */,
			);
			path = DocXTests;
			sourceTree = "<group>";
		};
		5A9F70C92235044A008E967C /* Products */ = {
			isa = PBXGroup;
			children = (
				5A9F70D02235044A008E967C /* ZipArchive.framework */,
				5A9F70D22235044A008E967C /* ZipArchive.framework */,
				5A9F70D42235044A008E967C /* ZipArchive.framework */,
				5A9F70D62235044A008E967C /* ZipArchive.framework */,
			);
			name = Products;
			sourceTree = "<group>";
		};
		5A9F70D92235045A008E967C /* Frameworks */ = {
			isa = PBXGroup;
			children = (
			);
			name = Frameworks;
			sourceTree = "<group>";
		};
		5A9F713522361FA4008E967C /* AEXML */ = {
			isa = PBXGroup;
			children = (
				5A9F713922361FCE008E967C /* Document.swift */,
				5A9F713822361FCE008E967C /* Element.swift */,
				5A9F713A22361FCE008E967C /* Error.swift */,
				5A9F713622361FCE008E967C /* Options.swift */,
				5A9F713722361FCE008E967C /* Parser.swift */,
			);
			name = AEXML;
			path = DocX;
			sourceTree = "<group>";
		};
		5AE833F922368A4500E68343 /* DocX-iOS-Tests */ = {
			isa = PBXGroup;
			children = (
				5AE833FA22368A4500E68343 /* DocX_iOS_Tests.swift */,
				5AE833FC22368A4500E68343 /* Info.plist */,
			);
			path = "DocX-iOS-Tests";
			sourceTree = "<group>";
		};
/* End PBXGroup section */

/* Begin PBXHeadersBuildPhase section */
		5A9F709B223502D6008E967C /* Headers */ = {
			isa = PBXHeadersBuildPhase;
			buildActionMask = 2147483647;
			files = (
				5A9F70B1223502D6008E967C /* DocX.h in Headers */,
			);
			runOnlyForDeploymentPostprocessing = 0;
		};
		5AE833CD2236831500E68343 /* Headers */ = {
			isa = PBXHeadersBuildPhase;
			buildActionMask = 2147483647;
			files = (
				5AE833CE2236831500E68343 /* DocX.h in Headers */,
			);
			runOnlyForDeploymentPostprocessing = 0;
		};
/* End PBXHeadersBuildPhase section */

/* Begin PBXNativeTarget section */
		5A9F709F223502D6008E967C /* DocX */ = {
			isa = PBXNativeTarget;
			buildConfigurationList = 5A9F70B4223502D6008E967C /* Build configuration list for PBXNativeTarget "DocX" */;
			buildPhases = (
				5A9F709B223502D6008E967C /* Headers */,
				5A9F709C223502D6008E967C /* Sources */,
				5A9F709D223502D6008E967C /* Frameworks */,
				5A9F709E223502D6008E967C /* Resources */,
			);
			buildRules = (
			);
			dependencies = (
				5A9F70D822350453008E967C /* PBXTargetDependency */,
			);
			name = DocX;
			productName = DocX;
			productReference = 5A9F70A0223502D6008E967C /* DocX.framework */;
			productType = "com.apple.product-type.framework";
		};
		5A9F70A8223502D6008E967C /* DocXTests */ = {
			isa = PBXNativeTarget;
			buildConfigurationList = 5A9F70B7223502D6008E967C /* Build configuration list for PBXNativeTarget "DocXTests" */;
			buildPhases = (
				5A9F70A5223502D6008E967C /* Sources */,
				5A9F70A6223502D6008E967C /* Frameworks */,
				5A9F70A7223502D6008E967C /* Resources */,
			);
			buildRules = (
			);
			dependencies = (
				5A9F70AC223502D6008E967C /* PBXTargetDependency */,
			);
			name = DocXTests;
			productName = DocXTests;
			productReference = 5A9F70A9223502D6008E967C /* DocXTests.xctest */;
			productType = "com.apple.product-type.bundle.unit-test";
		};
		5AE833CA2236831500E68343 /* DocX-iOS */ = {
			isa = PBXNativeTarget;
			buildConfigurationList = 5AE833E02236831500E68343 /* Build configuration list for PBXNativeTarget "DocX-iOS" */;
			buildPhases = (
				5AE833CD2236831500E68343 /* Headers */,
				5AE833CF2236831500E68343 /* Sources */,
				5AE833DD2236831500E68343 /* Frameworks */,
				5AE833DF2236831500E68343 /* Resources */,
			);
			buildRules = (
			);
			dependencies = (
				5AE833E92236837900E68343 /* PBXTargetDependency */,
			);
			name = "DocX-iOS";
			productName = DocX;
			productReference = 5AE833E32236831500E68343 /* DocX.framework */;
			productType = "com.apple.product-type.framework";
		};
		5AE833F722368A4500E68343 /* DocX-iOS-Tests */ = {
			isa = PBXNativeTarget;
			buildConfigurationList = 5AE8340022368A4500E68343 /* Build configuration list for PBXNativeTarget "DocX-iOS-Tests" */;
			buildPhases = (
				5AE833F422368A4500E68343 /* Sources */,
				5AE833F522368A4500E68343 /* Frameworks */,
				5AE833F622368A4500E68343 /* Resources */,
			);
			buildRules = (
			);
			dependencies = (
				5AE833FF22368A4500E68343 /* PBXTargetDependency */,
			);
			name = "DocX-iOS-Tests";
			productName = "DocX-iOS-Tests";
			productReference = 5AE833F822368A4500E68343 /* DocX-iOS-Tests.xctest */;
			productType = "com.apple.product-type.bundle.unit-test";
		};
/* End PBXNativeTarget section */

/* Begin PBXProject section */
		5A9F7097223502D6008E967C /* Project object */ = {
			isa = PBXProject;
			attributes = {
				LastSwiftUpdateCheck = 1020;
				LastUpgradeCheck = 1020;
				ORGANIZATIONNAME = "telethon k.k.";
				TargetAttributes = {
					5A9F709F223502D6008E967C = {
						CreatedOnToolsVersion = 10.2;
						LastSwiftMigration = 1020;
					};
					5A9F70A8223502D6008E967C = {
						CreatedOnToolsVersion = 10.2;
					};
					5AE833F722368A4500E68343 = {
						CreatedOnToolsVersion = 10.2;
					};
				};
			};
			buildConfigurationList = 5A9F709A223502D6008E967C /* Build configuration list for PBXProject "DocX" */;
			compatibilityVersion = "Xcode 9.3";
			developmentRegion = en;
			hasScannedForEncodings = 0;
			knownRegions = (
				en,
				Base,
			);
			mainGroup = 5A9F7096223502D6008E967C;
			productRefGroup = 5A9F70A1223502D6008E967C /* Products */;
			projectDirPath = "";
			projectReferences = (
				{
					ProductGroup = 5A9F70C92235044A008E967C /* Products */;
					ProjectRef = 5A9F70C82235044A008E967C /* ZipArchive.xcodeproj */;
				},
			);
			projectRoot = "";
			targets = (
				5A9F709F223502D6008E967C /* DocX */,
				5A9F70A8223502D6008E967C /* DocXTests */,
				5AE833CA2236831500E68343 /* DocX-iOS */,
				5AE833F722368A4500E68343 /* DocX-iOS-Tests */,
			);
		};
/* End PBXProject section */

/* Begin PBXReferenceProxy section */
		5A9F70D02235044A008E967C /* ZipArchive.framework */ = {
			isa = PBXReferenceProxy;
			fileType = wrapper.framework;
			path = ZipArchive.framework;
			remoteRef = 5A9F70CF2235044A008E967C /* PBXContainerItemProxy */;
			sourceTree = BUILT_PRODUCTS_DIR;
		};
		5A9F70D22235044A008E967C /* ZipArchive.framework */ = {
			isa = PBXReferenceProxy;
			fileType = wrapper.framework;
			path = ZipArchive.framework;
			remoteRef = 5A9F70D12235044A008E967C /* PBXContainerItemProxy */;
			sourceTree = BUILT_PRODUCTS_DIR;
		};
		5A9F70D42235044A008E967C /* ZipArchive.framework */ = {
			isa = PBXReferenceProxy;
			fileType = wrapper.framework;
			path = ZipArchive.framework;
			remoteRef = 5A9F70D32235044A008E967C /* PBXContainerItemProxy */;
			sourceTree = BUILT_PRODUCTS_DIR;
		};
		5A9F70D62235044A008E967C /* ZipArchive.framework */ = {
			isa = PBXReferenceProxy;
			fileType = wrapper.framework;
			path = ZipArchive.framework;
			remoteRef = 5A9F70D52235044A008E967C /* PBXContainerItemProxy */;
			sourceTree = BUILT_PRODUCTS_DIR;
		};
/* End PBXReferenceProxy section */

/* Begin PBXResourcesBuildPhase section */
		5A9F709E223502D6008E967C /* Resources */ = {
			isa = PBXResourcesBuildPhase;
			buildActionMask = 2147483647;
			files = (
			);
			runOnlyForDeploymentPostprocessing = 0;
		};
		5A9F70A7223502D6008E967C /* Resources */ = {
			isa = PBXResourcesBuildPhase;
			buildActionMask = 2147483647;
			files = (
				5A9F70C72235031B008E967C /* blank.docx in Resources */,
			);
			runOnlyForDeploymentPostprocessing = 0;
		};
		5AE833DF2236831500E68343 /* Resources */ = {
			isa = PBXResourcesBuildPhase;
			buildActionMask = 2147483647;
			files = (
				5AE833F3223688A400E68343 /* blank in Resources */,
			);
			runOnlyForDeploymentPostprocessing = 0;
		};
		5AE833F622368A4500E68343 /* Resources */ = {
			isa = PBXResourcesBuildPhase;
			buildActionMask = 2147483647;
			files = (
			);
			runOnlyForDeploymentPostprocessing = 0;
		};
/* End PBXResourcesBuildPhase section */

/* Begin PBXSourcesBuildPhase section */
		5A9F709C223502D6008E967C /* Sources */ = {
			isa = PBXSourcesBuildPhase;
			buildActionMask = 2147483647;
			files = (
				5A9F70C522350300008E967C /* DocumentRoot.swift in Sources */,
				5AE834122237573F00E68343 /* FontElements.swift in Sources */,
				5A9F711D223607A8008E967C /* NSAttributedString+Extensions.swift in Sources */,
				5AE833F12236861F00E68343 /* PlatformSpecific-macOS.swift in Sources */,
				5AE833ED2236842D00E68343 /* NSAttributedString+DocX.swift in Sources */,
				5A9F713C22361FCE008E967C /* Parser.swift in Sources */,
				5A9F713F22361FCE008E967C /* Error.swift in Sources */,
				5A9F70C122350300008E967C /* DocXWriting.swift in Sources */,
				5A9F70F922350DDE008E967C /* AttributeElements.swift in Sources */,
				5AE8341B22375D9E00E68343 /* NSUnderlineStyle+Elements.swift in Sources */,
				5A9F713B22361FCE008E967C /* Options.swift in Sources */,
				5A9F713D22361FCE008E967C /* Element.swift in Sources */,
				5A9F713E22361FCE008E967C /* Document.swift in Sources */,
				5A9F70FB22354F1C008E967C /* RubyAnnotationElement.swift in Sources */,
				5AE8340C22373A5200E68343 /* NSParagraphStyle+Elements.swift in Sources */,
				5A9F70C222350300008E967C /* DocX.swift in Sources */,
				5A9F70F722350D12008E967C /* ParagraphElement.swift in Sources */,
			);
			runOnlyForDeploymentPostprocessing = 0;
		};
		5A9F70A5223502D6008E967C /* Sources */ = {
			isa = PBXSourcesBuildPhase;
			buildActionMask = 2147483647;
			files = (
				5A9F70AF223502D6008E967C /* DocXTests.swift in Sources */,
			);
			runOnlyForDeploymentPostprocessing = 0;
		};
		5AE833CF2236831500E68343 /* Sources */ = {
			isa = PBXSourcesBuildPhase;
			buildActionMask = 2147483647;
			files = (
				5AE833D02236831500E68343 /* DocumentRoot.swift in Sources */,
				5AE834132237573F00E68343 /* FontElements.swift in Sources */,
				5AE833EF2236852500E68343 /* PlatformSpecific-iOS.swift in Sources */,
				5AE833D12236831500E68343 /* NSAttributedString+Extensions.swift in Sources */,
				5AE833D22236831500E68343 /* Parser.swift in Sources */,
				5AE833D32236831500E68343 /* Error.swift in Sources */,
				5AE833D42236831500E68343 /* DocXWriting.swift in Sources */,
				5AE833D52236831500E68343 /* AttributeElements.swift in Sources */,
				5AE833D62236831500E68343 /* Options.swift in Sources */,
				5AE833D72236831500E68343 /* Element.swift in Sources */,
				5AE833D92236831500E68343 /* Document.swift in Sources */,
				5AE833DA2236831500E68343 /* RubyAnnotationElement.swift in Sources */,
				5AE833EC223683F000E68343 /* NSAttributedString+DocX-iOS.swift in Sources */,
				5AE8340D22373A5200E68343 /* NSParagraphStyle+Elements.swift in Sources */,
				5AE8342722377A5B00E68343 /* NSUnderlineStyle+Elements.swift in Sources */,
				5AE833DB2236831500E68343 /* DocX.swift in Sources */,
				5AE833DC2236831500E68343 /* ParagraphElement.swift in Sources */,
			);
			runOnlyForDeploymentPostprocessing = 0;
		};
		5AE833F422368A4500E68343 /* Sources */ = {
			isa = PBXSourcesBuildPhase;
			buildActionMask = 2147483647;
			files = (
				5AE8340422368ADC00E68343 /* DocX_iOS_Tests.swift in Sources */,
			);
			runOnlyForDeploymentPostprocessing = 0;
		};
/* End PBXSourcesBuildPhase section */

/* Begin PBXTargetDependency section */
		5A9F70AC223502D6008E967C /* PBXTargetDependency */ = {
			isa = PBXTargetDependency;
			target = 5A9F709F223502D6008E967C /* DocX */;
			targetProxy = 5A9F70AB223502D6008E967C /* PBXContainerItemProxy */;
		};
		5A9F70D822350453008E967C /* PBXTargetDependency */ = {
			isa = PBXTargetDependency;
			name = "ZipArchive-Mac";
			targetProxy = 5A9F70D722350453008E967C /* PBXContainerItemProxy */;
		};
		5AE833E92236837900E68343 /* PBXTargetDependency */ = {
			isa = PBXTargetDependency;
			name = "ZipArchive-iOS";
			targetProxy = 5AE833E82236837900E68343 /* PBXContainerItemProxy */;
		};
		5AE833FF22368A4500E68343 /* PBXTargetDependency */ = {
			isa = PBXTargetDependency;
			target = 5AE833CA2236831500E68343 /* DocX-iOS */;
			targetProxy = 5AE833FE22368A4500E68343 /* PBXContainerItemProxy */;
		};
/* End PBXTargetDependency section */

/* Begin XCBuildConfiguration section */
		5A9F70B2223502D6008E967C /* Debug */ = {
			isa = XCBuildConfiguration;
			buildSettings = {
				ALWAYS_SEARCH_USER_PATHS = NO;
				CLANG_ANALYZER_NONNULL = YES;
				CLANG_ANALYZER_NUMBER_OBJECT_CONVERSION = YES_AGGRESSIVE;
				CLANG_CXX_LANGUAGE_STANDARD = "gnu++14";
				CLANG_CXX_LIBRARY = "libc++";
				CLANG_ENABLE_MODULES = YES;
				CLANG_ENABLE_OBJC_ARC = YES;
				CLANG_ENABLE_OBJC_WEAK = YES;
				CLANG_WARN_BLOCK_CAPTURE_AUTORELEASING = YES;
				CLANG_WARN_BOOL_CONVERSION = YES;
				CLANG_WARN_COMMA = YES;
				CLANG_WARN_CONSTANT_CONVERSION = YES;
				CLANG_WARN_DEPRECATED_OBJC_IMPLEMENTATIONS = YES;
				CLANG_WARN_DIRECT_OBJC_ISA_USAGE = YES_ERROR;
				CLANG_WARN_DOCUMENTATION_COMMENTS = YES;
				CLANG_WARN_EMPTY_BODY = YES;
				CLANG_WARN_ENUM_CONVERSION = YES;
				CLANG_WARN_INFINITE_RECURSION = YES;
				CLANG_WARN_INT_CONVERSION = YES;
				CLANG_WARN_NON_LITERAL_NULL_CONVERSION = YES;
				CLANG_WARN_OBJC_IMPLICIT_RETAIN_SELF = YES;
				CLANG_WARN_OBJC_LITERAL_CONVERSION = YES;
				CLANG_WARN_OBJC_ROOT_CLASS = YES_ERROR;
				CLANG_WARN_RANGE_LOOP_ANALYSIS = YES;
				CLANG_WARN_STRICT_PROTOTYPES = YES;
				CLANG_WARN_SUSPICIOUS_MOVE = YES;
				CLANG_WARN_UNGUARDED_AVAILABILITY = YES_AGGRESSIVE;
				CLANG_WARN_UNREACHABLE_CODE = YES;
				CLANG_WARN__DUPLICATE_METHOD_MATCH = YES;
				CODE_SIGN_IDENTITY = "Mac Developer";
				COPY_PHASE_STRIP = NO;
				CURRENT_PROJECT_VERSION = 1;
				DEBUG_INFORMATION_FORMAT = dwarf;
				ENABLE_STRICT_OBJC_MSGSEND = YES;
				ENABLE_TESTABILITY = YES;
				GCC_C_LANGUAGE_STANDARD = gnu11;
				GCC_DYNAMIC_NO_PIC = NO;
				GCC_NO_COMMON_BLOCKS = YES;
				GCC_OPTIMIZATION_LEVEL = 0;
				GCC_PREPROCESSOR_DEFINITIONS = (
					"DEBUG=1",
					"$(inherited)",
				);
				GCC_WARN_64_TO_32_BIT_CONVERSION = YES;
				GCC_WARN_ABOUT_RETURN_TYPE = YES_ERROR;
				GCC_WARN_UNDECLARED_SELECTOR = YES;
				GCC_WARN_UNINITIALIZED_AUTOS = YES_AGGRESSIVE;
				GCC_WARN_UNUSED_FUNCTION = YES;
				GCC_WARN_UNUSED_VARIABLE = YES;
				MACOSX_DEPLOYMENT_TARGET = 10.14;
				MTL_ENABLE_DEBUG_INFO = INCLUDE_SOURCE;
				MTL_FAST_MATH = YES;
				ONLY_ACTIVE_ARCH = YES;
				SDKROOT = macosx;
				SWIFT_ACTIVE_COMPILATION_CONDITIONS = DEBUG;
				SWIFT_OPTIMIZATION_LEVEL = "-Onone";
				VERSIONING_SYSTEM = "apple-generic";
				VERSION_INFO_PREFIX = "";
			};
			name = Debug;
		};
		5A9F70B3223502D6008E967C /* Release */ = {
			isa = XCBuildConfiguration;
			buildSettings = {
				ALWAYS_SEARCH_USER_PATHS = NO;
				CLANG_ANALYZER_NONNULL = YES;
				CLANG_ANALYZER_NUMBER_OBJECT_CONVERSION = YES_AGGRESSIVE;
				CLANG_CXX_LANGUAGE_STANDARD = "gnu++14";
				CLANG_CXX_LIBRARY = "libc++";
				CLANG_ENABLE_MODULES = YES;
				CLANG_ENABLE_OBJC_ARC = YES;
				CLANG_ENABLE_OBJC_WEAK = YES;
				CLANG_WARN_BLOCK_CAPTURE_AUTORELEASING = YES;
				CLANG_WARN_BOOL_CONVERSION = YES;
				CLANG_WARN_COMMA = YES;
				CLANG_WARN_CONSTANT_CONVERSION = YES;
				CLANG_WARN_DEPRECATED_OBJC_IMPLEMENTATIONS = YES;
				CLANG_WARN_DIRECT_OBJC_ISA_USAGE = YES_ERROR;
				CLANG_WARN_DOCUMENTATION_COMMENTS = YES;
				CLANG_WARN_EMPTY_BODY = YES;
				CLANG_WARN_ENUM_CONVERSION = YES;
				CLANG_WARN_INFINITE_RECURSION = YES;
				CLANG_WARN_INT_CONVERSION = YES;
				CLANG_WARN_NON_LITERAL_NULL_CONVERSION = YES;
				CLANG_WARN_OBJC_IMPLICIT_RETAIN_SELF = YES;
				CLANG_WARN_OBJC_LITERAL_CONVERSION = YES;
				CLANG_WARN_OBJC_ROOT_CLASS = YES_ERROR;
				CLANG_WARN_RANGE_LOOP_ANALYSIS = YES;
				CLANG_WARN_STRICT_PROTOTYPES = YES;
				CLANG_WARN_SUSPICIOUS_MOVE = YES;
				CLANG_WARN_UNGUARDED_AVAILABILITY = YES_AGGRESSIVE;
				CLANG_WARN_UNREACHABLE_CODE = YES;
				CLANG_WARN__DUPLICATE_METHOD_MATCH = YES;
				CODE_SIGN_IDENTITY = "Mac Developer";
				COPY_PHASE_STRIP = NO;
				CURRENT_PROJECT_VERSION = 1;
				DEBUG_INFORMATION_FORMAT = "dwarf-with-dsym";
				ENABLE_NS_ASSERTIONS = NO;
				ENABLE_STRICT_OBJC_MSGSEND = YES;
				GCC_C_LANGUAGE_STANDARD = gnu11;
				GCC_NO_COMMON_BLOCKS = YES;
				GCC_WARN_64_TO_32_BIT_CONVERSION = YES;
				GCC_WARN_ABOUT_RETURN_TYPE = YES_ERROR;
				GCC_WARN_UNDECLARED_SELECTOR = YES;
				GCC_WARN_UNINITIALIZED_AUTOS = YES_AGGRESSIVE;
				GCC_WARN_UNUSED_FUNCTION = YES;
				GCC_WARN_UNUSED_VARIABLE = YES;
				MACOSX_DEPLOYMENT_TARGET = 10.14;
				MTL_ENABLE_DEBUG_INFO = NO;
				MTL_FAST_MATH = YES;
				SDKROOT = macosx;
				SWIFT_COMPILATION_MODE = wholemodule;
				SWIFT_OPTIMIZATION_LEVEL = "-O";
				VERSIONING_SYSTEM = "apple-generic";
				VERSION_INFO_PREFIX = "";
			};
			name = Release;
		};
		5A9F70B5223502D6008E967C /* Debug */ = {
			isa = XCBuildConfiguration;
			buildSettings = {
				APPLICATION_EXTENSION_API_ONLY = NO;
				CLANG_ENABLE_MODULES = YES;
				CODE_SIGN_IDENTITY = "";
				CODE_SIGN_STYLE = Automatic;
				COMBINE_HIDPI_IMAGES = YES;
				DEFINES_MODULE = YES;
				DEVELOPMENT_TEAM = DVQ96RL2KL;
				DYLIB_COMPATIBILITY_VERSION = 1;
				DYLIB_CURRENT_VERSION = 1;
				DYLIB_INSTALL_NAME_BASE = "@rpath";
				FRAMEWORK_VERSION = A;
				INFOPLIST_FILE = DocX/Info.plist;
				INSTALL_PATH = "$(LOCAL_LIBRARY_DIR)/Frameworks";
				IPHONEOS_DEPLOYMENT_TARGET = 11.4;
				LD_RUNPATH_SEARCH_PATHS = (
					"$(inherited)",
					"@executable_path/../Frameworks",
					"@loader_path/Frameworks",
				);
				MACOSX_DEPLOYMENT_TARGET = 10.12;
				ONLY_ACTIVE_ARCH = YES;
				PRODUCT_BUNDLE_IDENTIFIER = com.telethon.docx;
				PRODUCT_NAME = "$(TARGET_NAME:c99extidentifier)";
				SDKROOT = macosx;
				SKIP_INSTALL = YES;
				SWIFT_OPTIMIZATION_LEVEL = "-Onone";
				SWIFT_VERSION = 5.0;
			};
			name = Debug;
		};
		5A9F70B6223502D6008E967C /* Release */ = {
			isa = XCBuildConfiguration;
			buildSettings = {
				APPLICATION_EXTENSION_API_ONLY = NO;
				CLANG_ENABLE_MODULES = YES;
				CODE_SIGN_IDENTITY = "";
				CODE_SIGN_STYLE = Automatic;
				COMBINE_HIDPI_IMAGES = YES;
				DEFINES_MODULE = YES;
				DEVELOPMENT_TEAM = DVQ96RL2KL;
				DYLIB_COMPATIBILITY_VERSION = 1;
				DYLIB_CURRENT_VERSION = 1;
				DYLIB_INSTALL_NAME_BASE = "@rpath";
				FRAMEWORK_VERSION = A;
				INFOPLIST_FILE = DocX/Info.plist;
				INSTALL_PATH = "$(LOCAL_LIBRARY_DIR)/Frameworks";
				IPHONEOS_DEPLOYMENT_TARGET = 11.4;
				LD_RUNPATH_SEARCH_PATHS = (
					"$(inherited)",
					"@executable_path/../Frameworks",
					"@loader_path/Frameworks",
				);
				MACOSX_DEPLOYMENT_TARGET = 10.12;
				ONLY_ACTIVE_ARCH = YES;
				PRODUCT_BUNDLE_IDENTIFIER = com.telethon.docx;
				PRODUCT_NAME = "$(TARGET_NAME:c99extidentifier)";
				SDKROOT = macosx;
				SKIP_INSTALL = YES;
				SWIFT_VERSION = 5.0;
			};
			name = Release;
		};
		5A9F70B8223502D6008E967C /* Debug */ = {
			isa = XCBuildConfiguration;
			buildSettings = {
				ALWAYS_EMBED_SWIFT_STANDARD_LIBRARIES = YES;
				CODE_SIGN_STYLE = Automatic;
				COMBINE_HIDPI_IMAGES = YES;
				DEVELOPMENT_TEAM = DVQ96RL2KL;
				INFOPLIST_FILE = DocXTests/Info.plist;
				LD_RUNPATH_SEARCH_PATHS = (
					"$(inherited)",
					"@executable_path/../Frameworks",
					"@loader_path/../Frameworks",
				);
				PRODUCT_BUNDLE_IDENTIFIER = com.telethon.docx.DocXTests;
				PRODUCT_NAME = "$(TARGET_NAME)";
				SWIFT_VERSION = 5.0;
			};
			name = Debug;
		};
		5A9F70B9223502D6008E967C /* Release */ = {
			isa = XCBuildConfiguration;
			buildSettings = {
				ALWAYS_EMBED_SWIFT_STANDARD_LIBRARIES = YES;
				CODE_SIGN_STYLE = Automatic;
				COMBINE_HIDPI_IMAGES = YES;
				DEVELOPMENT_TEAM = DVQ96RL2KL;
				INFOPLIST_FILE = DocXTests/Info.plist;
				LD_RUNPATH_SEARCH_PATHS = (
					"$(inherited)",
					"@executable_path/../Frameworks",
					"@loader_path/../Frameworks",
				);
				PRODUCT_BUNDLE_IDENTIFIER = com.telethon.docx.DocXTests;
				PRODUCT_NAME = "$(TARGET_NAME)";
				SWIFT_VERSION = 5.0;
			};
			name = Release;
		};
		5AE833E12236831500E68343 /* Debug */ = {
			isa = XCBuildConfiguration;
			buildSettings = {
				APPLICATION_EXTENSION_API_ONLY = NO;
				CLANG_ENABLE_MODULES = YES;
				CODE_SIGN_IDENTITY = "";
				CODE_SIGN_STYLE = Automatic;
				COMBINE_HIDPI_IMAGES = YES;
				DEFINES_MODULE = YES;
				DEVELOPMENT_TEAM = DVQ96RL2KL;
				DYLIB_COMPATIBILITY_VERSION = 1;
				DYLIB_CURRENT_VERSION = 1;
				DYLIB_INSTALL_NAME_BASE = "@rpath";
				FRAMEWORK_VERSION = A;
				INFOPLIST_FILE = "$(SRCROOT)/DocX/Info.plist";
				INSTALL_PATH = "$(LOCAL_LIBRARY_DIR)/Frameworks";
				IPHONEOS_DEPLOYMENT_TARGET = 11.0;
				LD_RUNPATH_SEARCH_PATHS = (
					"$(inherited)",
					"@executable_path/../Frameworks",
					"@loader_path/Frameworks",
				);
				MACOSX_DEPLOYMENT_TARGET = 10.12;
				ONLY_ACTIVE_ARCH = YES;
				PRODUCT_BUNDLE_IDENTIFIER = com.telethon.docx;
				PRODUCT_MODULE_NAME = DocX;
				PRODUCT_NAME = DocX;
				SDKROOT = iphoneos;
				SKIP_INSTALL = YES;
				SWIFT_OPTIMIZATION_LEVEL = "-Onone";
				SWIFT_VERSION = 5.0;
				TARGETED_DEVICE_FAMILY = "1,2";
			};
			name = Debug;
		};
		5AE833E22236831500E68343 /* Release */ = {
			isa = XCBuildConfiguration;
			buildSettings = {
				APPLICATION_EXTENSION_API_ONLY = NO;
				CLANG_ENABLE_MODULES = YES;
				CODE_SIGN_IDENTITY = "";
				CODE_SIGN_STYLE = Automatic;
				COMBINE_HIDPI_IMAGES = YES;
				DEFINES_MODULE = YES;
				DEVELOPMENT_TEAM = DVQ96RL2KL;
				DYLIB_COMPATIBILITY_VERSION = 1;
				DYLIB_CURRENT_VERSION = 1;
				DYLIB_INSTALL_NAME_BASE = "@rpath";
				FRAMEWORK_VERSION = A;
				INFOPLIST_FILE = "$(SRCROOT)/DocX/Info.plist";
				INSTALL_PATH = "$(LOCAL_LIBRARY_DIR)/Frameworks";
				IPHONEOS_DEPLOYMENT_TARGET = 11.0;
				LD_RUNPATH_SEARCH_PATHS = (
					"$(inherited)",
					"@executable_path/../Frameworks",
					"@loader_path/Frameworks",
				);
				MACOSX_DEPLOYMENT_TARGET = 10.12;
				ONLY_ACTIVE_ARCH = YES;
				PRODUCT_BUNDLE_IDENTIFIER = com.telethon.docx;
				PRODUCT_MODULE_NAME = DocX;
				PRODUCT_NAME = DocX;
				SDKROOT = iphoneos;
				SKIP_INSTALL = YES;
				SWIFT_VERSION = 5.0;
				TARGETED_DEVICE_FAMILY = "1,2";
			};
			name = Release;
		};
		5AE8340122368A4500E68343 /* Debug */ = {
			isa = XCBuildConfiguration;
			buildSettings = {
				ALWAYS_EMBED_SWIFT_STANDARD_LIBRARIES = YES;
				CODE_SIGN_IDENTITY = "iPhone Developer";
				CODE_SIGN_STYLE = Automatic;
				DEVELOPMENT_TEAM = DVQ96RL2KL;
				INFOPLIST_FILE = "DocX-iOS-Tests/Info.plist";
				IPHONEOS_DEPLOYMENT_TARGET = 11.4;
				LD_RUNPATH_SEARCH_PATHS = (
					"$(inherited)",
					"@executable_path/Frameworks",
					"@loader_path/Frameworks",
				);
				ONLY_ACTIVE_ARCH = YES;
				PRODUCT_BUNDLE_IDENTIFIER = "com.telethon.docx.DocX-iOS-Tests";
				PRODUCT_NAME = "$(TARGET_NAME)";
				SDKROOT = iphoneos;
				SWIFT_VERSION = 5.0;
				TARGETED_DEVICE_FAMILY = "1,2";
			};
			name = Debug;
		};
		5AE8340222368A4500E68343 /* Release */ = {
			isa = XCBuildConfiguration;
			buildSettings = {
				ALWAYS_EMBED_SWIFT_STANDARD_LIBRARIES = YES;
				CODE_SIGN_IDENTITY = "iPhone Developer";
				CODE_SIGN_STYLE = Automatic;
				DEVELOPMENT_TEAM = DVQ96RL2KL;
				INFOPLIST_FILE = "DocX-iOS-Tests/Info.plist";
				IPHONEOS_DEPLOYMENT_TARGET = 11.4;
				LD_RUNPATH_SEARCH_PATHS = (
					"$(inherited)",
					"@executable_path/Frameworks",
					"@loader_path/Frameworks",
				);
				ONLY_ACTIVE_ARCH = YES;
				PRODUCT_BUNDLE_IDENTIFIER = "com.telethon.docx.DocX-iOS-Tests";
				PRODUCT_NAME = "$(TARGET_NAME)";
				SDKROOT = iphoneos;
				SWIFT_VERSION = 5.0;
				TARGETED_DEVICE_FAMILY = "1,2";
				VALIDATE_PRODUCT = YES;
			};
			name = Release;
		};
/* End XCBuildConfiguration section */

/* Begin XCConfigurationList section */
		5A9F709A223502D6008E967C /* Build configuration list for PBXProject "DocX" */ = {
			isa = XCConfigurationList;
			buildConfigurations = (
				5A9F70B2223502D6008E967C /* Debug */,
				5A9F70B3223502D6008E967C /* Release */,
			);
			defaultConfigurationIsVisible = 0;
			defaultConfigurationName = Release;
		};
		5A9F70B4223502D6008E967C /* Build configuration list for PBXNativeTarget "DocX" */ = {
			isa = XCConfigurationList;
			buildConfigurations = (
				5A9F70B5223502D6008E967C /* Debug */,
				5A9F70B6223502D6008E967C /* Release */,
			);
			defaultConfigurationIsVisible = 0;
			defaultConfigurationName = Release;
		};
		5A9F70B7223502D6008E967C /* Build configuration list for PBXNativeTarget "DocXTests" */ = {
			isa = XCConfigurationList;
			buildConfigurations = (
				5A9F70B8223502D6008E967C /* Debug */,
				5A9F70B9223502D6008E967C /* Release */,
			);
			defaultConfigurationIsVisible = 0;
			defaultConfigurationName = Release;
		};
		5AE833E02236831500E68343 /* Build configuration list for PBXNativeTarget "DocX-iOS" */ = {
			isa = XCConfigurationList;
			buildConfigurations = (
				5AE833E12236831500E68343 /* Debug */,
				5AE833E22236831500E68343 /* Release */,
			);
			defaultConfigurationIsVisible = 0;
			defaultConfigurationName = Release;
		};
		5AE8340022368A4500E68343 /* Build configuration list for PBXNativeTarget "DocX-iOS-Tests" */ = {
			isa = XCConfigurationList;
			buildConfigurations = (
				5AE8340122368A4500E68343 /* Debug */,
				5AE8340222368A4500E68343 /* Release */,
			);
			defaultConfigurationIsVisible = 0;
			defaultConfigurationName = Release;
		};
/* End XCConfigurationList section */
	};
	rootObject = 5A9F7097223502D6008E967C /* Project object */;
}
